
Microsoft Visual Studio Solution File, Format Version 12.00
# Visual Studio Version 17
VisualStudioVersion = 17.3.32929.385
MinimumVisualStudioVersion = 10.0.40219.1
Project("{FAE04EC0-301F-11D3-BF4B-00C04F79EFBC}") = "Module2_HW2", "Module2_HW2\Module2_HW2.csproj", "{B34BD4EF-2FDC-49D8-90D9-03508CB15B00}"
EndProject
Global
	GlobalSection(SolutionConfigurationPlatforms) = preSolution
		Debug|Any CPU = Debug|Any CPU
		Release|Any CPU = Release|Any CPU
	EndGlobalSection
	GlobalSection(ProjectConfigurationPlatforms) = postSolution
		{B34BD4EF-2FDC-49D8-90D9-03508CB15B00}.Debug|Any CPU.ActiveCfg = Debug|Any CPU
		{B34BD4EF-2FDC-49D8-90D9-03508CB15B00}.Debug|Any CPU.Build.0 = Debug|Any CPU
		{B34BD4EF-2FDC-49D8-90D9-03508CB15B00}.Release|Any CPU.ActiveCfg = Release|Any CPU
		{B34BD4EF-2FDC-49D8-90D9-03508CB15B00}.Release|Any CPU.Build.0 = Release|Any CPU
	EndGlobalSection
	GlobalSection(SolutionProperties) = preSolution
		HideSolutionNode = FALSE
	EndGlobalSection
	GlobalSection(ExtensibilityGlobals) = postSolution
		SolutionGuid = {5772A8AB-87E6-43CC-893B-6803DD2DED93}
	EndGlobalSection
EndGlobal
